
Microsoft Visual Studio Solution File, Format Version 12.00
# Visual Studio Version 16
VisualStudioVersion = 16.0.32510.428
MinimumVisualStudioVersion = 10.0.40219.1
Project("{9A19103F-16F7-4668-BE54-9A1E7A4F7556}") = "Customer Microservice", "Customer Microservice.csproj", "{3B74926C-95AA-4902-8963-E58C5FDB638A}"
EndProject
Project("{FAE04EC0-301F-11D3-BF4B-00C04F79EFBC}") = "CustomerTest", "..\CustomerTest\CustomerTest.csproj", "{8BB5D702-6B56-4E93-B392-7E4006C83E00}"
EndProject
Global
	GlobalSection(SolutionConfigurationPlatforms) = preSolution
		Debug|Any CPU = Debug|Any CPU
		Release|Any CPU = Release|Any CPU
	EndGlobalSection
	GlobalSection(ProjectConfigurationPlatforms) = postSolution
		{3B74926C-95AA-4902-8963-E58C5FDB638A}.Debug|Any CPU.ActiveCfg = Debug|Any CPU
		{3B74926C-95AA-4902-8963-E58C5FDB638A}.Debug|Any CPU.Build.0 = Debug|Any CPU
		{3B74926C-95AA-4902-8963-E58C5FDB638A}.Release|Any CPU.ActiveCfg = Release|Any CPU
		{3B74926C-95AA-4902-8963-E58C5FDB638A}.Release|Any CPU.Build.0 = Release|Any CPU
		{8BB5D702-6B56-4E93-B392-7E4006C83E00}.Debug|Any CPU.ActiveCfg = Debug|Any CPU
		{8BB5D702-6B56-4E93-B392-7E4006C83E00}.Debug|Any CPU.Build.0 = Debug|Any CPU
		{8BB5D702-6B56-4E93-B392-7E4006C83E00}.Release|Any CPU.ActiveCfg = Release|Any CPU
		{8BB5D702-6B56-4E93-B392-7E4006C83E00}.Release|Any CPU.Build.0 = Release|Any CPU
	EndGlobalSection
	GlobalSection(SolutionProperties) = preSolution
		HideSolutionNode = FALSE
	EndGlobalSection
	GlobalSection(ExtensibilityGlobals) = postSolution
		SolutionGuid = {C33A52D8-AA6B-458C-A804-33644E6CBBF4}
	EndGlobalSection
EndGlobal
